
Microsoft Visual Studio Solution File, Format Version 12.00
# Visual Studio Version 17
VisualStudioVersion = 17.14.36429.23
MinimumVisualStudioVersion = 10.0.40219.1
Project("{FAE04EC0-301F-11D3-BF4B-00C04F79EFBC}") = "FUNewsManagementSystem", "FUNewsManagementSystem\FUNewsManagementSystem.csproj", "{6826908D-D1D1-41E5-876B-BC34BC09B642}"
EndProject
Project("{FAE04EC0-301F-11D3-BF4B-00C04F79EFBC}") = "UI", "UI\UI.csproj", "{B493814D-DBDE-40D0-94FB-B5C4D35E32D3}"
EndProject
Global
	GlobalSection(SolutionConfigurationPlatforms) = preSolution
		Debug|Any CPU = Debug|Any CPU
		Release|Any CPU = Release|Any CPU
	EndGlobalSection
	GlobalSection(ProjectConfigurationPlatforms) = postSolution
		{6826908D-D1D1-41E5-876B-BC34BC09B642}.Debug|Any CPU.ActiveCfg = Debug|Any CPU
		{6826908D-D1D1-41E5-876B-BC34BC09B642}.Debug|Any CPU.Build.0 = Debug|Any CPU
		{6826908D-D1D1-41E5-876B-BC34BC09B642}.Release|Any CPU.ActiveCfg = Release|Any CPU
		{6826908D-D1D1-41E5-876B-BC34BC09B642}.Release|Any CPU.Build.0 = Release|Any CPU
		{B493814D-DBDE-40D0-94FB-B5C4D35E32D3}.Debug|Any CPU.ActiveCfg = Debug|Any CPU
		{B493814D-DBDE-40D0-94FB-B5C4D35E32D3}.Debug|Any CPU.Build.0 = Debug|Any CPU
		{B493814D-DBDE-40D0-94FB-B5C4D35E32D3}.Release|Any CPU.ActiveCfg = Release|Any CPU
		{B493814D-DBDE-40D0-94FB-B5C4D35E32D3}.Release|Any CPU.Build.0 = Release|Any CPU
	EndGlobalSection
	GlobalSection(SolutionProperties) = preSolution
		HideSolutionNode = FALSE
	EndGlobalSection
	GlobalSection(ExtensibilityGlobals) = postSolution
		SolutionGuid = {E1DDD114-AD73-4689-981C-D5FB7951F02B}
	EndGlobalSection
EndGlobal
